// !$*UTF8*$!
{
	archiveVersion = 1;
	classes = {
	};
	objectVersion = 46;
	objects = {

/* Begin PBXBuildFile section */
		70A056501943CDF600D73E6C /* bitcoin_pin_144@2x.png in Resources */ = {isa = PBXBuildFile; fileRef = 70A056491943CDF600D73E6C /* bitcoin_pin_144@2x.png */; };
		70A056511943CDF600D73E6C /* cfarms_pin_144@2x.png in Resources */ = {isa = PBXBuildFile; fileRef = 70A0564A1943CDF600D73E6C /* cfarms_pin_144@2x.png */; };
		70A056521943CDF600D73E6C /* dunkin_pin_144@2x.png in Resources */ = {isa = PBXBuildFile; fileRef = 70A0564B1943CDF600D73E6C /* dunkin_pin_144@2x.png */; };
		70A056531943CDF600D73E6C /* leaf_pin_144@2x.png in Resources */ = {isa = PBXBuildFile; fileRef = 70A0564C1943CDF600D73E6C /* leaf_pin_144@2x.png */; };
		70A056541943CDF600D73E6C /* levelup_pin_144@2x.png in Resources */ = {isa = PBXBuildFile; fileRef = 70A0564D1943CDF600D73E6C /* levelup_pin_144@2x.png */; };
		70A056551943CDF600D73E6C /* paypal_pin_144@2x.png in Resources */ = {isa = PBXBuildFile; fileRef = 70A0564E1943CDF600D73E6C /* paypal_pin_144@2x.png */; };
		70A056561943CDF600D73E6C /* starbucks_pin_144@2x.png in Resources */ = {isa = PBXBuildFile; fileRef = 70A0564F1943CDF600D73E6C /* starbucks_pin_144@2x.png */; };
		70A0565E1943D05F00D73E6C /* bitcoin_color_144@2x.png in Resources */ = {isa = PBXBuildFile; fileRef = 70A056571943D05F00D73E6C /* bitcoin_color_144@2x.png */; };
		70A0565F1943D05F00D73E6C /* cfarms_color_144@2x.png in Resources */ = {isa = PBXBuildFile; fileRef = 70A056581943D05F00D73E6C /* cfarms_color_144@2x.png */; };
		70A056601943D05F00D73E6C /* dunkin_color_144@2x.png in Resources */ = {isa = PBXBuildFile; fileRef = 70A056591943D05F00D73E6C /* dunkin_color_144@2x.png */; };
		70A056611943D05F00D73E6C /* leaf_color_144@2x.png in Resources */ = {isa = PBXBuildFile; fileRef = 70A0565A1943D05F00D73E6C /* leaf_color_144@2x.png */; };
		70A056621943D05F00D73E6C /* levelup_color_144@2x.png in Resources */ = {isa = PBXBuildFile; fileRef = 70A0565B1943D05F00D73E6C /* levelup_color_144@2x.png */; };
		70A056631943D05F00D73E6C /* paypal_color_144@2x.png in Resources */ = {isa = PBXBuildFile; fileRef = 70A0565C1943D05F00D73E6C /* paypal_color_144@2x.png */; };
		70A056641943D05F00D73E6C /* starbucks_color_144@2x.png in Resources */ = {isa = PBXBuildFile; fileRef = 70A0565D1943D05F00D73E6C /* starbucks_color_144@2x.png */; };
		70A0566C1943D07500D73E6C /* bitcoin_grey_144@2x.png in Resources */ = {isa = PBXBuildFile; fileRef = 70A056651943D07500D73E6C /* bitcoin_grey_144@2x.png */; };
		70A0566D1943D07500D73E6C /* cfarms_grey_144@2x.png in Resources */ = {isa = PBXBuildFile; fileRef = 70A056661943D07500D73E6C /* cfarms_grey_144@2x.png */; };
		70A0566E1943D07500D73E6C /* dunkin_grey_144@2x.png in Resources */ = {isa = PBXBuildFile; fileRef = 70A056671943D07500D73E6C /* dunkin_grey_144@2x.png */; };
		70A0566F1943D07500D73E6C /* leaf_grey_144@2x.png in Resources */ = {isa = PBXBuildFile; fileRef = 70A056681943D07500D73E6C /* leaf_grey_144@2x.png */; };
		70A056701943D07500D73E6C /* levelup_grey_144@2x.png in Resources */ = {isa = PBXBuildFile; fileRef = 70A056691943D07500D73E6C /* levelup_grey_144@2x.png */; };
		70A056711943D07500D73E6C /* paypal_grey_144@2x.png in Resources */ = {isa = PBXBuildFile; fileRef = 70A0566A1943D07500D73E6C /* paypal_grey_144@2x.png */; };
		70A056721943D07500D73E6C /* starbucks_grey_144@2x.png in Resources */ = {isa = PBXBuildFile; fileRef = 70A0566B1943D07500D73E6C /* starbucks_grey_144@2x.png */; };
		A865100E951C4338AFB2EAC0 /* libPods.a in Frameworks */ = {isa = PBXBuildFile; fileRef = D2C6D960DCF846EFAAE1E9D9 /* libPods.a */; };
		E69ACB1019438500009290F2 /* PayMapViewController.m in Sources */ = {isa = PBXBuildFile; fileRef = E69ACB0F19438500009290F2 /* PayMapViewController.m */; };
		E69ACB1219438589009290F2 /* PayMapViewController.xib in Resources */ = {isa = PBXBuildFile; fileRef = E69ACB1119438589009290F2 /* PayMapViewController.xib */; };
		E69ACB141943861C009290F2 /* SystemConfiguration.framework in Frameworks */ = {isa = PBXBuildFile; fileRef = E69ACB131943861C009290F2 /* SystemConfiguration.framework */; };
		E69ACB1619438623009290F2 /* QuartzCore.framework in Frameworks */ = {isa = PBXBuildFile; fileRef = E69ACB1519438623009290F2 /* QuartzCore.framework */; };
		E69ACB1819438629009290F2 /* MapKit.framework in Frameworks */ = {isa = PBXBuildFile; fileRef = E69ACB1719438629009290F2 /* MapKit.framework */; };
		E69ACB1B194395ED009290F2 /* PaymentMethod.m in Sources */ = {isa = PBXBuildFile; fileRef = E69ACB1A194395ED009290F2 /* PaymentMethod.m */; };
		E69ACB1E194399FC009290F2 /* PayImages.m in Sources */ = {isa = PBXBuildFile; fileRef = E69ACB1D194399FC009290F2 /* PayImages.m */; };
		E69ACB2119439D0D009290F2 /* PayMapFilterViewController.m in Sources */ = {isa = PBXBuildFile; fileRef = E69ACB2019439D0D009290F2 /* PayMapFilterViewController.m */; };
		E69ACB2419439DB8009290F2 /* PaymentMethodStore.m in Sources */ = {isa = PBXBuildFile; fileRef = E69ACB2319439DB8009290F2 /* PaymentMethodStore.m */; };
		E69ACB271943A133009290F2 /* PaymentMethodFilter.m in Sources */ = {isa = PBXBuildFile; fileRef = E69ACB261943A133009290F2 /* PaymentMethodFilter.m */; };
		E69ACB291943A47E009290F2 /* PayMapFilterViewController.xib in Resources */ = {isa = PBXBuildFile; fileRef = E69ACB281943A47E009290F2 /* PayMapFilterViewController.xib */; };
		E69ACB301943AEDF009290F2 /* CFNetwork.framework in Frameworks */ = {isa = PBXBuildFile; fileRef = E69ACB2F1943AEDF009290F2 /* CFNetwork.framework */; };
		E69ACB321943AEF2009290F2 /* CoreLocation.framework in Frameworks */ = {isa = PBXBuildFile; fileRef = E69ACB311943AEF2009290F2 /* CoreLocation.framework */; };
		E6AC2B6C194380610082EA7F /* Foundation.framework in Frameworks */ = {isa = PBXBuildFile; fileRef = E6AC2B6B194380610082EA7F /* Foundation.framework */; };
		E6AC2B6E194380610082EA7F /* CoreGraphics.framework in Frameworks */ = {isa = PBXBuildFile; fileRef = E6AC2B6D194380610082EA7F /* CoreGraphics.framework */; };
		E6AC2B70194380610082EA7F /* UIKit.framework in Frameworks */ = {isa = PBXBuildFile; fileRef = E6AC2B6F194380610082EA7F /* UIKit.framework */; };
		E6AC2B76194380610082EA7F /* InfoPlist.strings in Resources */ = {isa = PBXBuildFile; fileRef = E6AC2B74194380610082EA7F /* InfoPlist.strings */; };
		E6AC2B78194380610082EA7F /* main.m in Sources */ = {isa = PBXBuildFile; fileRef = E6AC2B77194380610082EA7F /* main.m */; };
		E6AC2B7C194380610082EA7F /* AppDelegate.m in Sources */ = {isa = PBXBuildFile; fileRef = E6AC2B7B194380610082EA7F /* AppDelegate.m */; };
		E6AC2B7E194380610082EA7F /* Images.xcassets in Resources */ = {isa = PBXBuildFile; fileRef = E6AC2B7D194380610082EA7F /* Images.xcassets */; };
		E6AC2B85194380610082EA7F /* XCTest.framework in Frameworks */ = {isa = PBXBuildFile; fileRef = E6AC2B84194380610082EA7F /* XCTest.framework */; };
		E6AC2B86194380610082EA7F /* Foundation.framework in Frameworks */ = {isa = PBXBuildFile; fileRef = E6AC2B6B194380610082EA7F /* Foundation.framework */; };
		E6AC2B87194380610082EA7F /* UIKit.framework in Frameworks */ = {isa = PBXBuildFile; fileRef = E6AC2B6F194380610082EA7F /* UIKit.framework */; };
		E6AC2B8F194380610082EA7F /* InfoPlist.strings in Resources */ = {isa = PBXBuildFile; fileRef = E6AC2B8D194380610082EA7F /* InfoPlist.strings */; };
		E6AC2B91194380610082EA7F /* PayMobileClientTests.m in Sources */ = {isa = PBXBuildFile; fileRef = E6AC2B90194380610082EA7F /* PayMobileClientTests.m */; };
		E6F0D7FC1943B8A000845E23 /* Retailer.m in Sources */ = {isa = PBXBuildFile; fileRef = E6F0D7FB1943B8A000845E23 /* Retailer.m */; };
		E6F0D7FF1943BD8600845E23 /* FilterTableViewCell.m in Sources */ = {isa = PBXBuildFile; fileRef = E6F0D7FE1943BD8600845E23 /* FilterTableViewCell.m */; };
		E6F0D8021943CD0C00845E23 /* PayMapAnnotation.m in Sources */ = {isa = PBXBuildFile; fileRef = E6F0D8011943CD0C00845E23 /* PayMapAnnotation.m */; };
		E6F0D8081943D5AB00845E23 /* RetailerAnnotationView.m in Sources */ = {isa = PBXBuildFile; fileRef = E6F0D8071943D5AB00845E23 /* RetailerAnnotationView.m */; };
		E6F0D80A1943D65E00845E23 /* RetailerAnnotationView.xib in Resources */ = {isa = PBXBuildFile; fileRef = E6F0D8091943D65E00845E23 /* RetailerAnnotationView.xib */; };
		E6F0D80C1943E40300845E23 /* FilterTableViewCell.xib in Resources */ = {isa = PBXBuildFile; fileRef = E6F0D80B1943E40300845E23 /* FilterTableViewCell.xib */; };
		E6F0D80F1943E58600845E23 /* PayColor.m in Sources */ = {isa = PBXBuildFile; fileRef = E6F0D80E1943E58600845E23 /* PayColor.m */; };
		E6F0D8121943E5C100845E23 /* UIColor+Hex.m in Sources */ = {isa = PBXBuildFile; fileRef = E6F0D8111943E5C100845E23 /* UIColor+Hex.m */; };
		E6F0D8181943EE3B00845E23 /* back_72@2x.png in Resources */ = {isa = PBXBuildFile; fileRef = E6F0D8131943EE3B00845E23 /* back_72@2x.png */; };
		E6F0D8191943EE3B00845E23 /* card_72@2x.png in Resources */ = {isa = PBXBuildFile; fileRef = E6F0D8141943EE3B00845E23 /* card_72@2x.png */; };
		E6F0D81A1943EE3B00845E23 /* close_72@2x.png in Resources */ = {isa = PBXBuildFile; fileRef = E6F0D8151943EE3B00845E23 /* close_72@2x.png */; };
		E6F0D81B1943EE3B00845E23 /* collapse_72@2x.png in Resources */ = {isa = PBXBuildFile; fileRef = E6F0D8161943EE3B00845E23 /* collapse_72@2x.png */; };
		E6F0D81C1943EE3B00845E23 /* settings_72@2x.png in Resources */ = {isa = PBXBuildFile; fileRef = E6F0D8171943EE3B00845E23 /* settings_72@2x.png */; };
		E6F0D81F1943F00300845E23 /* PayAppearance.m in Sources */ = {isa = PBXBuildFile; fileRef = E6F0D81E1943F00300845E23 /* PayAppearance.m */; };
		E6F0D8221943F50C00845E23 /* RetailerDetailPopupViewController.m in Sources */ = {isa = PBXBuildFile; fileRef = E6F0D8211943F50C00845E23 /* RetailerDetailPopupViewController.m */; };
		E6F0D8241943F51B00845E23 /* RetailerDetailPopupViewController.xib in Resources */ = {isa = PBXBuildFile; fileRef = E6F0D8231943F51B00845E23 /* RetailerDetailPopupViewController.xib */; };
		E6F0D827194475CE00845E23 /* ProximaNova-Regular.otf in Resources */ = {isa = PBXBuildFile; fileRef = E6F0D825194475CE00845E23 /* ProximaNova-Regular.otf */; };
		E6F0D828194475CE00845E23 /* ProximaNova-Bold.otf in Resources */ = {isa = PBXBuildFile; fileRef = E6F0D826194475CE00845E23 /* ProximaNova-Bold.otf */; };
		E6F0D82B19447F7700845E23 /* LevelUpPaymentViewController.m in Sources */ = {isa = PBXBuildFile; fileRef = E6F0D82A19447F7700845E23 /* LevelUpPaymentViewController.m */; };
		E6F0D82D19447FA700845E23 /* LevelUpPaymentViewController.xib in Resources */ = {isa = PBXBuildFile; fileRef = E6F0D82C19447FA700845E23 /* LevelUpPaymentViewController.xib */; };
		E6F0D8331944806000845E23 /* levelup_1@2x.png in Resources */ = {isa = PBXBuildFile; fileRef = E6F0D82E1944806000845E23 /* levelup_1@2x.png */; };
		E6F0D8341944806000845E23 /* levelup_2@2x.png in Resources */ = {isa = PBXBuildFile; fileRef = E6F0D82F1944806000845E23 /* levelup_2@2x.png */; };
		E6F0D8351944806000845E23 /* levelup_3@2x.png in Resources */ = {isa = PBXBuildFile; fileRef = E6F0D8301944806000845E23 /* levelup_3@2x.png */; };
		E6F0D8361944806000845E23 /* levelup_4@2x.png in Resources */ = {isa = PBXBuildFile; fileRef = E6F0D8311944806000845E23 /* levelup_4@2x.png */; };
		E6F0D8371944806000845E23 /* triangle-cut-42.png in Resources */ = {isa = PBXBuildFile; fileRef = E6F0D8321944806000845E23 /* triangle-cut-42.png */; };
		E6F0D83A1944857500845E23 /* TipCollectionViewCell.m in Sources */ = {isa = PBXBuildFile; fileRef = E6F0D8391944857500845E23 /* TipCollectionViewCell.m */; };
		E6F0D83C194485B700845E23 /* TipCollectionViewCell.xib in Resources */ = {isa = PBXBuildFile; fileRef = E6F0D83B194485B700845E23 /* TipCollectionViewCell.xib */; };
		E6F0D83F1944AADE00845E23 /* WebViewController.m in Sources */ = {isa = PBXBuildFile; fileRef = E6F0D83E1944AADE00845E23 /* WebViewController.m */; };
		E6F0D8411944AAFD00845E23 /* WebViewController.xib in Resources */ = {isa = PBXBuildFile; fileRef = E6F0D8401944AAFD00845E23 /* WebViewController.xib */; };
/* End PBXBuildFile section */

/* Begin PBXContainerItemProxy section */
		E6AC2B88194380610082EA7F /* PBXContainerItemProxy */ = {
			isa = PBXContainerItemProxy;
			containerPortal = E6AC2B60194380610082EA7F /* Project object */;
			proxyType = 1;
			remoteGlobalIDString = E6AC2B67194380610082EA7F;
			remoteInfo = PayMobileClient;
		};
/* End PBXContainerItemProxy section */

/* Begin PBXFileReference section */
		70A056491943CDF600D73E6C /* bitcoin_pin_144@2x.png */ = {isa = PBXFileReference; lastKnownFileType = image.png; path = "bitcoin_pin_144@2x.png"; sourceTree = "<group>"; };
		70A0564A1943CDF600D73E6C /* cfarms_pin_144@2x.png */ = {isa = PBXFileReference; lastKnownFileType = image.png; path = "cfarms_pin_144@2x.png"; sourceTree = "<group>"; };
		70A0564B1943CDF600D73E6C /* dunkin_pin_144@2x.png */ = {isa = PBXFileReference; lastKnownFileType = image.png; path = "dunkin_pin_144@2x.png"; sourceTree = "<group>"; };
		70A0564C1943CDF600D73E6C /* leaf_pin_144@2x.png */ = {isa = PBXFileReference; lastKnownFileType = image.png; path = "leaf_pin_144@2x.png"; sourceTree = "<group>"; };
		70A0564D1943CDF600D73E6C /* levelup_pin_144@2x.png */ = {isa = PBXFileReference; lastKnownFileType = image.png; path = "levelup_pin_144@2x.png"; sourceTree = "<group>"; };
		70A0564E1943CDF600D73E6C /* paypal_pin_144@2x.png */ = {isa = PBXFileReference; lastKnownFileType = image.png; path = "paypal_pin_144@2x.png"; sourceTree = "<group>"; };
		70A0564F1943CDF600D73E6C /* starbucks_pin_144@2x.png */ = {isa = PBXFileReference; lastKnownFileType = image.png; path = "starbucks_pin_144@2x.png"; sourceTree = "<group>"; };
		70A056571943D05F00D73E6C /* bitcoin_color_144@2x.png */ = {isa = PBXFileReference; lastKnownFileType = image.png; path = "bitcoin_color_144@2x.png"; sourceTree = "<group>"; };
		70A056581943D05F00D73E6C /* cfarms_color_144@2x.png */ = {isa = PBXFileReference; lastKnownFileType = image.png; path = "cfarms_color_144@2x.png"; sourceTree = "<group>"; };
		70A056591943D05F00D73E6C /* dunkin_color_144@2x.png */ = {isa = PBXFileReference; lastKnownFileType = image.png; path = "dunkin_color_144@2x.png"; sourceTree = "<group>"; };
		70A0565A1943D05F00D73E6C /* leaf_color_144@2x.png */ = {isa = PBXFileReference; lastKnownFileType = image.png; path = "leaf_color_144@2x.png"; sourceTree = "<group>"; };
		70A0565B1943D05F00D73E6C /* levelup_color_144@2x.png */ = {isa = PBXFileReference; lastKnownFileType = image.png; path = "levelup_color_144@2x.png"; sourceTree = "<group>"; };
		70A0565C1943D05F00D73E6C /* paypal_color_144@2x.png */ = {isa = PBXFileReference; lastKnownFileType = image.png; path = "paypal_color_144@2x.png"; sourceTree = "<group>"; };
		70A0565D1943D05F00D73E6C /* starbucks_color_144@2x.png */ = {isa = PBXFileReference; lastKnownFileType = image.png; path = "starbucks_color_144@2x.png"; sourceTree = "<group>"; };
		70A056651943D07500D73E6C /* bitcoin_grey_144@2x.png */ = {isa = PBXFileReference; lastKnownFileType = image.png; path = "bitcoin_grey_144@2x.png"; sourceTree = "<group>"; };
		70A056661943D07500D73E6C /* cfarms_grey_144@2x.png */ = {isa = PBXFileReference; lastKnownFileType = image.png; path = "cfarms_grey_144@2x.png"; sourceTree = "<group>"; };
		70A056671943D07500D73E6C /* dunkin_grey_144@2x.png */ = {isa = PBXFileReference; lastKnownFileType = image.png; path = "dunkin_grey_144@2x.png"; sourceTree = "<group>"; };
		70A056681943D07500D73E6C /* leaf_grey_144@2x.png */ = {isa = PBXFileReference; lastKnownFileType = image.png; path = "leaf_grey_144@2x.png"; sourceTree = "<group>"; };
		70A056691943D07500D73E6C /* levelup_grey_144@2x.png */ = {isa = PBXFileReference; lastKnownFileType = image.png; path = "levelup_grey_144@2x.png"; sourceTree = "<group>"; };
		70A0566A1943D07500D73E6C /* paypal_grey_144@2x.png */ = {isa = PBXFileReference; lastKnownFileType = image.png; path = "paypal_grey_144@2x.png"; sourceTree = "<group>"; };
		70A0566B1943D07500D73E6C /* starbucks_grey_144@2x.png */ = {isa = PBXFileReference; lastKnownFileType = image.png; path = "starbucks_grey_144@2x.png"; sourceTree = "<group>"; };
		C393318B8F5F4054BAFF95DF /* Pods.xcconfig */ = {isa = PBXFileReference; includeInIndex = 1; lastKnownFileType = text.xcconfig; name = Pods.xcconfig; path = Pods/Pods.xcconfig; sourceTree = "<group>"; };
		D2C6D960DCF846EFAAE1E9D9 /* libPods.a */ = {isa = PBXFileReference; explicitFileType = archive.ar; includeInIndex = 0; path = libPods.a; sourceTree = BUILT_PRODUCTS_DIR; };
		E69ACB0E19438500009290F2 /* PayMapViewController.h */ = {isa = PBXFileReference; fileEncoding = 4; lastKnownFileType = sourcecode.c.h; path = PayMapViewController.h; sourceTree = "<group>"; };
		E69ACB0F19438500009290F2 /* PayMapViewController.m */ = {isa = PBXFileReference; fileEncoding = 4; lastKnownFileType = sourcecode.c.objc; path = PayMapViewController.m; sourceTree = "<group>"; };
		E69ACB1119438589009290F2 /* PayMapViewController.xib */ = {isa = PBXFileReference; fileEncoding = 4; lastKnownFileType = file.xib; path = PayMapViewController.xib; sourceTree = "<group>"; };
		E69ACB131943861C009290F2 /* SystemConfiguration.framework */ = {isa = PBXFileReference; lastKnownFileType = wrapper.framework; name = SystemConfiguration.framework; path = System/Library/Frameworks/SystemConfiguration.framework; sourceTree = SDKROOT; };
		E69ACB1519438623009290F2 /* QuartzCore.framework */ = {isa = PBXFileReference; lastKnownFileType = wrapper.framework; name = QuartzCore.framework; path = System/Library/Frameworks/QuartzCore.framework; sourceTree = SDKROOT; };
		E69ACB1719438629009290F2 /* MapKit.framework */ = {isa = PBXFileReference; lastKnownFileType = wrapper.framework; name = MapKit.framework; path = System/Library/Frameworks/MapKit.framework; sourceTree = SDKROOT; };
		E69ACB19194395ED009290F2 /* PaymentMethod.h */ = {isa = PBXFileReference; fileEncoding = 4; lastKnownFileType = sourcecode.c.h; path = PaymentMethod.h; sourceTree = "<group>"; };
		E69ACB1A194395ED009290F2 /* PaymentMethod.m */ = {isa = PBXFileReference; fileEncoding = 4; lastKnownFileType = sourcecode.c.objc; path = PaymentMethod.m; sourceTree = "<group>"; };
		E69ACB1C194399FC009290F2 /* PayImages.h */ = {isa = PBXFileReference; fileEncoding = 4; lastKnownFileType = sourcecode.c.h; path = PayImages.h; sourceTree = "<group>"; };
		E69ACB1D194399FC009290F2 /* PayImages.m */ = {isa = PBXFileReference; fileEncoding = 4; lastKnownFileType = sourcecode.c.objc; path = PayImages.m; sourceTree = "<group>"; };
		E69ACB1F19439D0D009290F2 /* PayMapFilterViewController.h */ = {isa = PBXFileReference; fileEncoding = 4; lastKnownFileType = sourcecode.c.h; path = PayMapFilterViewController.h; sourceTree = "<group>"; };
		E69ACB2019439D0D009290F2 /* PayMapFilterViewController.m */ = {isa = PBXFileReference; fileEncoding = 4; lastKnownFileType = sourcecode.c.objc; path = PayMapFilterViewController.m; sourceTree = "<group>"; };
		E69ACB2219439DB8009290F2 /* PaymentMethodStore.h */ = {isa = PBXFileReference; fileEncoding = 4; lastKnownFileType = sourcecode.c.h; path = PaymentMethodStore.h; sourceTree = "<group>"; };
		E69ACB2319439DB8009290F2 /* PaymentMethodStore.m */ = {isa = PBXFileReference; fileEncoding = 4; lastKnownFileType = sourcecode.c.objc; path = PaymentMethodStore.m; sourceTree = "<group>"; };
		E69ACB251943A133009290F2 /* PaymentMethodFilter.h */ = {isa = PBXFileReference; fileEncoding = 4; lastKnownFileType = sourcecode.c.h; path = PaymentMethodFilter.h; sourceTree = "<group>"; };
		E69ACB261943A133009290F2 /* PaymentMethodFilter.m */ = {isa = PBXFileReference; fileEncoding = 4; lastKnownFileType = sourcecode.c.objc; path = PaymentMethodFilter.m; sourceTree = "<group>"; };
		E69ACB281943A47E009290F2 /* PayMapFilterViewController.xib */ = {isa = PBXFileReference; fileEncoding = 4; lastKnownFileType = file.xib; path = PayMapFilterViewController.xib; sourceTree = "<group>"; };
		E69ACB2B1943AE4B009290F2 /* IPLCommonMacros.h */ = {isa = PBXFileReference; fileEncoding = 4; lastKnownFileType = sourcecode.c.h; path = IPLCommonMacros.h; sourceTree = "<group>"; };
		E69ACB2F1943AEDF009290F2 /* CFNetwork.framework */ = {isa = PBXFileReference; lastKnownFileType = wrapper.framework; name = CFNetwork.framework; path = System/Library/Frameworks/CFNetwork.framework; sourceTree = SDKROOT; };
		E69ACB311943AEF2009290F2 /* CoreLocation.framework */ = {isa = PBXFileReference; lastKnownFileType = wrapper.framework; name = CoreLocation.framework; path = System/Library/Frameworks/CoreLocation.framework; sourceTree = SDKROOT; };
		E6AC2B68194380610082EA7F /* PayMobileClient.app */ = {isa = PBXFileReference; explicitFileType = wrapper.application; includeInIndex = 0; path = PayMobileClient.app; sourceTree = BUILT_PRODUCTS_DIR; };
		E6AC2B6B194380610082EA7F /* Foundation.framework */ = {isa = PBXFileReference; lastKnownFileType = wrapper.framework; name = Foundation.framework; path = System/Library/Frameworks/Foundation.framework; sourceTree = SDKROOT; };
		E6AC2B6D194380610082EA7F /* CoreGraphics.framework */ = {isa = PBXFileReference; lastKnownFileType = wrapper.framework; name = CoreGraphics.framework; path = System/Library/Frameworks/CoreGraphics.framework; sourceTree = SDKROOT; };
		E6AC2B6F194380610082EA7F /* UIKit.framework */ = {isa = PBXFileReference; lastKnownFileType = wrapper.framework; name = UIKit.framework; path = System/Library/Frameworks/UIKit.framework; sourceTree = SDKROOT; };
		E6AC2B73194380610082EA7F /* PayMobileClient-Info.plist */ = {isa = PBXFileReference; lastKnownFileType = text.plist.xml; path = "PayMobileClient-Info.plist"; sourceTree = "<group>"; };
		E6AC2B75194380610082EA7F /* en */ = {isa = PBXFileReference; lastKnownFileType = text.plist.strings; name = en; path = en.lproj/InfoPlist.strings; sourceTree = "<group>"; };
		E6AC2B77194380610082EA7F /* main.m */ = {isa = PBXFileReference; lastKnownFileType = sourcecode.c.objc; path = main.m; sourceTree = "<group>"; };
		E6AC2B79194380610082EA7F /* PayMobileClient-Prefix.pch */ = {isa = PBXFileReference; lastKnownFileType = sourcecode.c.h; path = "PayMobileClient-Prefix.pch"; sourceTree = "<group>"; };
		E6AC2B7A194380610082EA7F /* AppDelegate.h */ = {isa = PBXFileReference; lastKnownFileType = sourcecode.c.h; path = AppDelegate.h; sourceTree = "<group>"; };
		E6AC2B7B194380610082EA7F /* AppDelegate.m */ = {isa = PBXFileReference; lastKnownFileType = sourcecode.c.objc; path = AppDelegate.m; sourceTree = "<group>"; };
		E6AC2B7D194380610082EA7F /* Images.xcassets */ = {isa = PBXFileReference; lastKnownFileType = folder.assetcatalog; path = Images.xcassets; sourceTree = "<group>"; };
		E6AC2B83194380610082EA7F /* PayMobileClientTests.xctest */ = {isa = PBXFileReference; explicitFileType = wrapper.cfbundle; includeInIndex = 0; path = PayMobileClientTests.xctest; sourceTree = BUILT_PRODUCTS_DIR; };
		E6AC2B84194380610082EA7F /* XCTest.framework */ = {isa = PBXFileReference; lastKnownFileType = wrapper.framework; name = XCTest.framework; path = Library/Frameworks/XCTest.framework; sourceTree = DEVELOPER_DIR; };
		E6AC2B8C194380610082EA7F /* PayMobileClientTests-Info.plist */ = {isa = PBXFileReference; lastKnownFileType = text.plist.xml; path = "PayMobileClientTests-Info.plist"; sourceTree = "<group>"; };
		E6AC2B8E194380610082EA7F /* en */ = {isa = PBXFileReference; lastKnownFileType = text.plist.strings; name = en; path = en.lproj/InfoPlist.strings; sourceTree = "<group>"; };
		E6AC2B90194380610082EA7F /* PayMobileClientTests.m */ = {isa = PBXFileReference; lastKnownFileType = sourcecode.c.objc; path = PayMobileClientTests.m; sourceTree = "<group>"; };
		E6F0D7FA1943B8A000845E23 /* Retailer.h */ = {isa = PBXFileReference; fileEncoding = 4; lastKnownFileType = sourcecode.c.h; path = Retailer.h; sourceTree = "<group>"; };
		E6F0D7FB1943B8A000845E23 /* Retailer.m */ = {isa = PBXFileReference; fileEncoding = 4; lastKnownFileType = sourcecode.c.objc; path = Retailer.m; sourceTree = "<group>"; };
		E6F0D7FD1943BD8600845E23 /* FilterTableViewCell.h */ = {isa = PBXFileReference; fileEncoding = 4; lastKnownFileType = sourcecode.c.h; path = FilterTableViewCell.h; sourceTree = "<group>"; };
		E6F0D7FE1943BD8600845E23 /* FilterTableViewCell.m */ = {isa = PBXFileReference; fileEncoding = 4; lastKnownFileType = sourcecode.c.objc; path = FilterTableViewCell.m; sourceTree = "<group>"; };
		E6F0D8001943CD0C00845E23 /* PayMapAnnotation.h */ = {isa = PBXFileReference; fileEncoding = 4; lastKnownFileType = sourcecode.c.h; path = PayMapAnnotation.h; sourceTree = "<group>"; };
		E6F0D8011943CD0C00845E23 /* PayMapAnnotation.m */ = {isa = PBXFileReference; fileEncoding = 4; lastKnownFileType = sourcecode.c.objc; path = PayMapAnnotation.m; sourceTree = "<group>"; };
		E6F0D8061943D5AB00845E23 /* RetailerAnnotationView.h */ = {isa = PBXFileReference; fileEncoding = 4; lastKnownFileType = sourcecode.c.h; path = RetailerAnnotationView.h; sourceTree = "<group>"; };
		E6F0D8071943D5AB00845E23 /* RetailerAnnotationView.m */ = {isa = PBXFileReference; fileEncoding = 4; lastKnownFileType = sourcecode.c.objc; path = RetailerAnnotationView.m; sourceTree = "<group>"; };
		E6F0D8091943D65E00845E23 /* RetailerAnnotationView.xib */ = {isa = PBXFileReference; fileEncoding = 4; lastKnownFileType = file.xib; path = RetailerAnnotationView.xib; sourceTree = "<group>"; };
		E6F0D80B1943E40300845E23 /* FilterTableViewCell.xib */ = {isa = PBXFileReference; fileEncoding = 4; lastKnownFileType = file.xib; path = FilterTableViewCell.xib; sourceTree = "<group>"; };
		E6F0D80D1943E58600845E23 /* PayColor.h */ = {isa = PBXFileReference; fileEncoding = 4; lastKnownFileType = sourcecode.c.h; path = PayColor.h; sourceTree = "<group>"; };
		E6F0D80E1943E58600845E23 /* PayColor.m */ = {isa = PBXFileReference; fileEncoding = 4; lastKnownFileType = sourcecode.c.objc; path = PayColor.m; sourceTree = "<group>"; };
		E6F0D8101943E5C100845E23 /* UIColor+Hex.h */ = {isa = PBXFileReference; fileEncoding = 4; lastKnownFileType = sourcecode.c.h; path = "UIColor+Hex.h"; sourceTree = "<group>"; };
		E6F0D8111943E5C100845E23 /* UIColor+Hex.m */ = {isa = PBXFileReference; fileEncoding = 4; lastKnownFileType = sourcecode.c.objc; path = "UIColor+Hex.m"; sourceTree = "<group>"; };
		E6F0D8131943EE3B00845E23 /* back_72@2x.png */ = {isa = PBXFileReference; lastKnownFileType = image.png; path = "back_72@2x.png"; sourceTree = "<group>"; };
		E6F0D8141943EE3B00845E23 /* card_72@2x.png */ = {isa = PBXFileReference; lastKnownFileType = image.png; path = "card_72@2x.png"; sourceTree = "<group>"; };
		E6F0D8151943EE3B00845E23 /* close_72@2x.png */ = {isa = PBXFileReference; lastKnownFileType = image.png; path = "close_72@2x.png"; sourceTree = "<group>"; };
		E6F0D8161943EE3B00845E23 /* collapse_72@2x.png */ = {isa = PBXFileReference; lastKnownFileType = image.png; path = "collapse_72@2x.png"; sourceTree = "<group>"; };
		E6F0D8171943EE3B00845E23 /* settings_72@2x.png */ = {isa = PBXFileReference; lastKnownFileType = image.png; path = "settings_72@2x.png"; sourceTree = "<group>"; };
		E6F0D81D1943F00300845E23 /* PayAppearance.h */ = {isa = PBXFileReference; fileEncoding = 4; lastKnownFileType = sourcecode.c.h; path = PayAppearance.h; sourceTree = "<group>"; };
		E6F0D81E1943F00300845E23 /* PayAppearance.m */ = {isa = PBXFileReference; fileEncoding = 4; lastKnownFileType = sourcecode.c.objc; path = PayAppearance.m; sourceTree = "<group>"; };
		E6F0D8201943F50C00845E23 /* RetailerDetailPopupViewController.h */ = {isa = PBXFileReference; fileEncoding = 4; lastKnownFileType = sourcecode.c.h; path = RetailerDetailPopupViewController.h; sourceTree = "<group>"; };
		E6F0D8211943F50C00845E23 /* RetailerDetailPopupViewController.m */ = {isa = PBXFileReference; fileEncoding = 4; lastKnownFileType = sourcecode.c.objc; path = RetailerDetailPopupViewController.m; sourceTree = "<group>"; };
		E6F0D8231943F51B00845E23 /* RetailerDetailPopupViewController.xib */ = {isa = PBXFileReference; fileEncoding = 4; lastKnownFileType = file.xib; path = RetailerDetailPopupViewController.xib; sourceTree = "<group>"; };
		E6F0D825194475CE00845E23 /* ProximaNova-Regular.otf */ = {isa = PBXFileReference; lastKnownFileType = file; path = "ProximaNova-Regular.otf"; sourceTree = "<group>"; };
		E6F0D826194475CE00845E23 /* ProximaNova-Bold.otf */ = {isa = PBXFileReference; lastKnownFileType = file; path = "ProximaNova-Bold.otf"; sourceTree = "<group>"; };
		E6F0D82919447F7700845E23 /* LevelUpPaymentViewController.h */ = {isa = PBXFileReference; fileEncoding = 4; lastKnownFileType = sourcecode.c.h; path = LevelUpPaymentViewController.h; sourceTree = "<group>"; };
		E6F0D82A19447F7700845E23 /* LevelUpPaymentViewController.m */ = {isa = PBXFileReference; fileEncoding = 4; lastKnownFileType = sourcecode.c.objc; path = LevelUpPaymentViewController.m; sourceTree = "<group>"; };
		E6F0D82C19447FA700845E23 /* LevelUpPaymentViewController.xib */ = {isa = PBXFileReference; fileEncoding = 4; lastKnownFileType = file.xib; path = LevelUpPaymentViewController.xib; sourceTree = "<group>"; };
		E6F0D82E1944806000845E23 /* levelup_1@2x.png */ = {isa = PBXFileReference; lastKnownFileType = image.png; path = "levelup_1@2x.png"; sourceTree = "<group>"; };
		E6F0D82F1944806000845E23 /* levelup_2@2x.png */ = {isa = PBXFileReference; lastKnownFileType = image.png; path = "levelup_2@2x.png"; sourceTree = "<group>"; };
		E6F0D8301944806000845E23 /* levelup_3@2x.png */ = {isa = PBXFileReference; lastKnownFileType = image.png; path = "levelup_3@2x.png"; sourceTree = "<group>"; };
		E6F0D8311944806000845E23 /* levelup_4@2x.png */ = {isa = PBXFileReference; lastKnownFileType = image.png; path = "levelup_4@2x.png"; sourceTree = "<group>"; };
		E6F0D8321944806000845E23 /* triangle-cut-42.png */ = {isa = PBXFileReference; lastKnownFileType = image.png; path = "triangle-cut-42.png"; sourceTree = "<group>"; };
		E6F0D8381944857500845E23 /* TipCollectionViewCell.h */ = {isa = PBXFileReference; fileEncoding = 4; lastKnownFileType = sourcecode.c.h; path = TipCollectionViewCell.h; sourceTree = "<group>"; };
		E6F0D8391944857500845E23 /* TipCollectionViewCell.m */ = {isa = PBXFileReference; fileEncoding = 4; lastKnownFileType = sourcecode.c.objc; path = TipCollectionViewCell.m; sourceTree = "<group>"; };
		E6F0D83B194485B700845E23 /* TipCollectionViewCell.xib */ = {isa = PBXFileReference; fileEncoding = 4; lastKnownFileType = file.xib; path = TipCollectionViewCell.xib; sourceTree = "<group>"; };
		E6F0D83D1944AADE00845E23 /* WebViewController.h */ = {isa = PBXFileReference; fileEncoding = 4; lastKnownFileType = sourcecode.c.h; path = WebViewController.h; sourceTree = "<group>"; };
		E6F0D83E1944AADE00845E23 /* WebViewController.m */ = {isa = PBXFileReference; fileEncoding = 4; lastKnownFileType = sourcecode.c.objc; path = WebViewController.m; sourceTree = "<group>"; };
		E6F0D8401944AAFD00845E23 /* WebViewController.xib */ = {isa = PBXFileReference; fileEncoding = 4; lastKnownFileType = file.xib; path = WebViewController.xib; sourceTree = "<group>"; };
/* End PBXFileReference section */

/* Begin PBXFrameworksBuildPhase section */
		E6AC2B65194380610082EA7F /* Frameworks */ = {
			isa = PBXFrameworksBuildPhase;
			buildActionMask = 2147483647;
			files = (
				E69ACB321943AEF2009290F2 /* CoreLocation.framework in Frameworks */,
				E69ACB301943AEDF009290F2 /* CFNetwork.framework in Frameworks */,
				E69ACB1819438629009290F2 /* MapKit.framework in Frameworks */,
				E69ACB1619438623009290F2 /* QuartzCore.framework in Frameworks */,
				E69ACB141943861C009290F2 /* SystemConfiguration.framework in Frameworks */,
				E6AC2B6E194380610082EA7F /* CoreGraphics.framework in Frameworks */,
				E6AC2B70194380610082EA7F /* UIKit.framework in Frameworks */,
				E6AC2B6C194380610082EA7F /* Foundation.framework in Frameworks */,
				A865100E951C4338AFB2EAC0 /* libPods.a in Frameworks */,
			);
			runOnlyForDeploymentPostprocessing = 0;
		};
		E6AC2B80194380610082EA7F /* Frameworks */ = {
			isa = PBXFrameworksBuildPhase;
			buildActionMask = 2147483647;
			files = (
				E6AC2B85194380610082EA7F /* XCTest.framework in Frameworks */,
				E6AC2B87194380610082EA7F /* UIKit.framework in Frameworks */,
				E6AC2B86194380610082EA7F /* Foundation.framework in Frameworks */,
			);
			runOnlyForDeploymentPostprocessing = 0;
		};
/* End PBXFrameworksBuildPhase section */

/* Begin PBXGroup section */
		70A056481943CDB700D73E6C /* SlicedAssets */ = {
			isa = PBXGroup;
			children = (
				E6F0D82E1944806000845E23 /* levelup_1@2x.png */,
				E6F0D82F1944806000845E23 /* levelup_2@2x.png */,
				E6F0D8301944806000845E23 /* levelup_3@2x.png */,
				E6F0D8311944806000845E23 /* levelup_4@2x.png */,
				E6F0D8321944806000845E23 /* triangle-cut-42.png */,
				E6F0D8131943EE3B00845E23 /* back_72@2x.png */,
				E6F0D8141943EE3B00845E23 /* card_72@2x.png */,
				E6F0D8151943EE3B00845E23 /* close_72@2x.png */,
				E6F0D8161943EE3B00845E23 /* collapse_72@2x.png */,
				E6F0D8171943EE3B00845E23 /* settings_72@2x.png */,
				70A056651943D07500D73E6C /* bitcoin_grey_144@2x.png */,
				70A056661943D07500D73E6C /* cfarms_grey_144@2x.png */,
				70A056671943D07500D73E6C /* dunkin_grey_144@2x.png */,
				70A056681943D07500D73E6C /* leaf_grey_144@2x.png */,
				70A056691943D07500D73E6C /* levelup_grey_144@2x.png */,
				70A0566A1943D07500D73E6C /* paypal_grey_144@2x.png */,
				70A0566B1943D07500D73E6C /* starbucks_grey_144@2x.png */,
				70A056571943D05F00D73E6C /* bitcoin_color_144@2x.png */,
				70A056581943D05F00D73E6C /* cfarms_color_144@2x.png */,
				70A056591943D05F00D73E6C /* dunkin_color_144@2x.png */,
				70A0565A1943D05F00D73E6C /* leaf_color_144@2x.png */,
				70A0565B1943D05F00D73E6C /* levelup_color_144@2x.png */,
				70A0565C1943D05F00D73E6C /* paypal_color_144@2x.png */,
				70A0565D1943D05F00D73E6C /* starbucks_color_144@2x.png */,
				70A056491943CDF600D73E6C /* bitcoin_pin_144@2x.png */,
				70A0564A1943CDF600D73E6C /* cfarms_pin_144@2x.png */,
				70A0564B1943CDF600D73E6C /* dunkin_pin_144@2x.png */,
				70A0564C1943CDF600D73E6C /* leaf_pin_144@2x.png */,
				70A0564D1943CDF600D73E6C /* levelup_pin_144@2x.png */,
				70A0564E1943CDF600D73E6C /* paypal_pin_144@2x.png */,
				70A0564F1943CDF600D73E6C /* starbucks_pin_144@2x.png */,
			);
			name = SlicedAssets;
			sourceTree = "<group>";
		};
		E6AC2B5F194380610082EA7F = {
			isa = PBXGroup;
			children = (
				E6AC2B71194380610082EA7F /* PayMobileClient */,
				E6AC2B8A194380610082EA7F /* PayMobileClientTests */,
				E6AC2B6A194380610082EA7F /* Frameworks */,
				E6AC2B69194380610082EA7F /* Products */,
				C393318B8F5F4054BAFF95DF /* Pods.xcconfig */,
			);
			sourceTree = "<group>";
		};
		E6AC2B69194380610082EA7F /* Products */ = {
			isa = PBXGroup;
			children = (
				E6AC2B68194380610082EA7F /* PayMobileClient.app */,
				E6AC2B83194380610082EA7F /* PayMobileClientTests.xctest */,
			);
			name = Products;
			sourceTree = "<group>";
		};
		E6AC2B6A194380610082EA7F /* Frameworks */ = {
			isa = PBXGroup;
			children = (
				E69ACB311943AEF2009290F2 /* CoreLocation.framework */,
				E69ACB2F1943AEDF009290F2 /* CFNetwork.framework */,
				E69ACB1719438629009290F2 /* MapKit.framework */,
				E69ACB1519438623009290F2 /* QuartzCore.framework */,
				E69ACB131943861C009290F2 /* SystemConfiguration.framework */,
				E6AC2B6B194380610082EA7F /* Foundation.framework */,
				E6AC2B6D194380610082EA7F /* CoreGraphics.framework */,
				E6AC2B6F194380610082EA7F /* UIKit.framework */,
				E6AC2B84194380610082EA7F /* XCTest.framework */,
				D2C6D960DCF846EFAAE1E9D9 /* libPods.a */,
			);
			name = Frameworks;
			sourceTree = "<group>";
		};
		E6AC2B71194380610082EA7F /* PayMobileClient */ = {
			isa = PBXGroup;
			children = (
				E6F0D8101943E5C100845E23 /* UIColor+Hex.h */,
				E6F0D8111943E5C100845E23 /* UIColor+Hex.m */,
				70A056481943CDB700D73E6C /* SlicedAssets */,
				E69ACB2B1943AE4B009290F2 /* IPLCommonMacros.h */,
				E6AC2B7A194380610082EA7F /* AppDelegate.h */,
				E6AC2B7B194380610082EA7F /* AppDelegate.m */,
				E6AC2B7D194380610082EA7F /* Images.xcassets */,
				E6AC2B72194380610082EA7F /* Supporting Files */,
				E69ACB0E19438500009290F2 /* PayMapViewController.h */,
				E69ACB0F19438500009290F2 /* PayMapViewController.m */,
				E69ACB1119438589009290F2 /* PayMapViewController.xib */,
				E69ACB1F19439D0D009290F2 /* PayMapFilterViewController.h */,
				E69ACB2019439D0D009290F2 /* PayMapFilterViewController.m */,
				E69ACB281943A47E009290F2 /* PayMapFilterViewController.xib */,
				E6F0D8001943CD0C00845E23 /* PayMapAnnotation.h */,
				E6F0D8011943CD0C00845E23 /* PayMapAnnotation.m */,
				E6F0D8061943D5AB00845E23 /* RetailerAnnotationView.h */,
				E6F0D8071943D5AB00845E23 /* RetailerAnnotationView.m */,
				E6F0D8091943D65E00845E23 /* RetailerAnnotationView.xib */,
				E6F0D7FD1943BD8600845E23 /* FilterTableViewCell.h */,
				E6F0D7FE1943BD8600845E23 /* FilterTableViewCell.m */,
				E6F0D80B1943E40300845E23 /* FilterTableViewCell.xib */,
				E6F0D8201943F50C00845E23 /* RetailerDetailPopupViewController.h */,
				E6F0D8211943F50C00845E23 /* RetailerDetailPopupViewController.m */,
				E6F0D8231943F51B00845E23 /* RetailerDetailPopupViewController.xib */,
				E69ACB2219439DB8009290F2 /* PaymentMethodStore.h */,
				E69ACB2319439DB8009290F2 /* PaymentMethodStore.m */,
				E69ACB19194395ED009290F2 /* PaymentMethod.h */,
				E69ACB1A194395ED009290F2 /* PaymentMethod.m */,
				E69ACB251943A133009290F2 /* PaymentMethodFilter.h */,
				E69ACB261943A133009290F2 /* PaymentMethodFilter.m */,
				E69ACB1C194399FC009290F2 /* PayImages.h */,
				E69ACB1D194399FC009290F2 /* PayImages.m */,
				E6F0D80D1943E58600845E23 /* PayColor.h */,
				E6F0D80E1943E58600845E23 /* PayColor.m */,
				E6F0D7FA1943B8A000845E23 /* Retailer.h */,
				E6F0D7FB1943B8A000845E23 /* Retailer.m */,
				E6F0D81D1943F00300845E23 /* PayAppearance.h */,
				E6F0D81E1943F00300845E23 /* PayAppearance.m */,
				E6F0D82919447F7700845E23 /* LevelUpPaymentViewController.h */,
				E6F0D82A19447F7700845E23 /* LevelUpPaymentViewController.m */,
				E6F0D82C19447FA700845E23 /* LevelUpPaymentViewController.xib */,
				E6F0D8381944857500845E23 /* TipCollectionViewCell.h */,
				E6F0D8391944857500845E23 /* TipCollectionViewCell.m */,
				E6F0D83B194485B700845E23 /* TipCollectionViewCell.xib */,
				E6F0D83D1944AADE00845E23 /* WebViewController.h */,
				E6F0D83E1944AADE00845E23 /* WebViewController.m */,
				E6F0D8401944AAFD00845E23 /* WebViewController.xib */,
			);
			path = PayMobileClient;
			sourceTree = "<group>";
		};
		E6AC2B72194380610082EA7F /* Supporting Files */ = {
			isa = PBXGroup;
			children = (
				E6F0D825194475CE00845E23 /* ProximaNova-Regular.otf */,
				E6F0D826194475CE00845E23 /* ProximaNova-Bold.otf */,
				E6AC2B73194380610082EA7F /* PayMobileClient-Info.plist */,
				E6AC2B74194380610082EA7F /* InfoPlist.strings */,
				E6AC2B77194380610082EA7F /* main.m */,
				E6AC2B79194380610082EA7F /* PayMobileClient-Prefix.pch */,
			);
			name = "Supporting Files";
			sourceTree = "<group>";
		};
		E6AC2B8A194380610082EA7F /* PayMobileClientTests */ = {
			isa = PBXGroup;
			children = (
				E6AC2B90194380610082EA7F /* PayMobileClientTests.m */,
				E6AC2B8B194380610082EA7F /* Supporting Files */,
			);
			path = PayMobileClientTests;
			sourceTree = "<group>";
		};
		E6AC2B8B194380610082EA7F /* Supporting Files */ = {
			isa = PBXGroup;
			children = (
				E6AC2B8C194380610082EA7F /* PayMobileClientTests-Info.plist */,
				E6AC2B8D194380610082EA7F /* InfoPlist.strings */,
			);
			name = "Supporting Files";
			sourceTree = "<group>";
		};
/* End PBXGroup section */

/* Begin PBXNativeTarget section */
		E6AC2B67194380610082EA7F /* PayMobileClient */ = {
			isa = PBXNativeTarget;
			buildConfigurationList = E6AC2B94194380610082EA7F /* Build configuration list for PBXNativeTarget "PayMobileClient" */;
			buildPhases = (
				3BDE171A2A9E4B698A6810D5 /* Check Pods Manifest.lock */,
				E6AC2B64194380610082EA7F /* Sources */,
				E6AC2B65194380610082EA7F /* Frameworks */,
				E6AC2B66194380610082EA7F /* Resources */,
				2D88A92F8EA847ADBCD18E38 /* Copy Pods Resources */,
			);
			buildRules = (
			);
			dependencies = (
			);
			name = PayMobileClient;
			productName = PayMobileClient;
			productReference = E6AC2B68194380610082EA7F /* PayMobileClient.app */;
			productType = "com.apple.product-type.application";
		};
		E6AC2B82194380610082EA7F /* PayMobileClientTests */ = {
			isa = PBXNativeTarget;
			buildConfigurationList = E6AC2B97194380610082EA7F /* Build configuration list for PBXNativeTarget "PayMobileClientTests" */;
			buildPhases = (
				E6AC2B7F194380610082EA7F /* Sources */,
				E6AC2B80194380610082EA7F /* Frameworks */,
				E6AC2B81194380610082EA7F /* Resources */,
			);
			buildRules = (
			);
			dependencies = (
				E6AC2B89194380610082EA7F /* PBXTargetDependency */,
			);
			name = PayMobileClientTests;
			productName = PayMobileClientTests;
			productReference = E6AC2B83194380610082EA7F /* PayMobileClientTests.xctest */;
			productType = "com.apple.product-type.bundle.unit-test";
		};
/* End PBXNativeTarget section */

/* Begin PBXProject section */
		E6AC2B60194380610082EA7F /* Project object */ = {
			isa = PBXProject;
			attributes = {
				LastUpgradeCheck = 0510;
				ORGANIZATIONNAME = IntrepidPursuits;
				TargetAttributes = {
					E6AC2B82194380610082EA7F = {
						TestTargetID = E6AC2B67194380610082EA7F;
					};
				};
			};
			buildConfigurationList = E6AC2B63194380610082EA7F /* Build configuration list for PBXProject "PayMobileClient" */;
			compatibilityVersion = "Xcode 3.2";
			developmentRegion = English;
			hasScannedForEncodings = 0;
			knownRegions = (
				en,
			);
			mainGroup = E6AC2B5F194380610082EA7F;
			productRefGroup = E6AC2B69194380610082EA7F /* Products */;
			projectDirPath = "";
			projectRoot = "";
			targets = (
				E6AC2B67194380610082EA7F /* PayMobileClient */,
				E6AC2B82194380610082EA7F /* PayMobileClientTests */,
			);
		};
/* End PBXProject section */

/* Begin PBXResourcesBuildPhase section */
		E6AC2B66194380610082EA7F /* Resources */ = {
			isa = PBXResourcesBuildPhase;
			buildActionMask = 2147483647;
			files = (
				E69ACB291943A47E009290F2 /* PayMapFilterViewController.xib in Resources */,
				70A056531943CDF600D73E6C /* leaf_pin_144@2x.png in Resources */,
				70A056631943D05F00D73E6C /* paypal_color_144@2x.png in Resources */,
				E69ACB1219438589009290F2 /* PayMapViewController.xib in Resources */,
				E6F0D8341944806000845E23 /* levelup_2@2x.png in Resources */,
				E6AC2B76194380610082EA7F /* InfoPlist.strings in Resources */,
				70A056521943CDF600D73E6C /* dunkin_pin_144@2x.png in Resources */,
				E6F0D82D19447FA700845E23 /* LevelUpPaymentViewController.xib in Resources */,
				70A0566E1943D07500D73E6C /* dunkin_grey_144@2x.png in Resources */,
				E6F0D8181943EE3B00845E23 /* back_72@2x.png in Resources */,
				70A056561943CDF600D73E6C /* starbucks_pin_144@2x.png in Resources */,
				E6F0D828194475CE00845E23 /* ProximaNova-Bold.otf in Resources */,
				E6F0D83C194485B700845E23 /* TipCollectionViewCell.xib in Resources */,
				70A0566C1943D07500D73E6C /* bitcoin_grey_144@2x.png in Resources */,
				E6F0D8191943EE3B00845E23 /* card_72@2x.png in Resources */,
				70A0565F1943D05F00D73E6C /* cfarms_color_144@2x.png in Resources */,
				70A056511943CDF600D73E6C /* cfarms_pin_144@2x.png in Resources */,
				E6F0D80A1943D65E00845E23 /* RetailerAnnotationView.xib in Resources */,
				70A056721943D07500D73E6C /* starbucks_grey_144@2x.png in Resources */,
				E6F0D81A1943EE3B00845E23 /* close_72@2x.png in Resources */,
				70A056551943CDF600D73E6C /* paypal_pin_144@2x.png in Resources */,
				E6F0D827194475CE00845E23 /* ProximaNova-Regular.otf in Resources */,
				E6F0D8411944AAFD00845E23 /* WebViewController.xib in Resources */,
				E6F0D8331944806000845E23 /* levelup_1@2x.png in Resources */,
				70A056541943CDF600D73E6C /* levelup_pin_144@2x.png in Resources */,
				70A056601943D05F00D73E6C /* dunkin_color_144@2x.png in Resources */,
				70A056621943D05F00D73E6C /* levelup_color_144@2x.png in Resources */,
				E6F0D8241943F51B00845E23 /* RetailerDetailPopupViewController.xib in Resources */,
				E6AC2B7E194380610082EA7F /* Images.xcassets in Resources */,
				70A056641943D05F00D73E6C /* starbucks_color_144@2x.png in Resources */,
				E6F0D8351944806000845E23 /* levelup_3@2x.png in Resources */,
				E6F0D80C1943E40300845E23 /* FilterTableViewCell.xib in Resources */,
				E6F0D8371944806000845E23 /* triangle-cut-42.png in Resources */,
				E6F0D81B1943EE3B00845E23 /* collapse_72@2x.png in Resources */,
				70A0566D1943D07500D73E6C /* cfarms_grey_144@2x.png in Resources */,
				E6F0D8361944806000845E23 /* levelup_4@2x.png in Resources */,
				70A056701943D07500D73E6C /* levelup_grey_144@2x.png in Resources */,
				70A056711943D07500D73E6C /* paypal_grey_144@2x.png in Resources */,
				E6F0D81C1943EE3B00845E23 /* settings_72@2x.png in Resources */,
				70A0565E1943D05F00D73E6C /* bitcoin_color_144@2x.png in Resources */,
				70A056611943D05F00D73E6C /* leaf_color_144@2x.png in Resources */,
				70A0566F1943D07500D73E6C /* leaf_grey_144@2x.png in Resources */,
				70A056501943CDF600D73E6C /* bitcoin_pin_144@2x.png in Resources */,
			);
			runOnlyForDeploymentPostprocessing = 0;
		};
		E6AC2B81194380610082EA7F /* Resources */ = {
			isa = PBXResourcesBuildPhase;
			buildActionMask = 2147483647;
			files = (
				E6AC2B8F194380610082EA7F /* InfoPlist.strings in Resources */,
			);
			runOnlyForDeploymentPostprocessing = 0;
		};
/* End PBXResourcesBuildPhase section */

/* Begin PBXShellScriptBuildPhase section */
		2D88A92F8EA847ADBCD18E38 /* Copy Pods Resources */ = {
			isa = PBXShellScriptBuildPhase;
			buildActionMask = 2147483647;
			files = (
			);
			inputPaths = (
			);
			name = "Copy Pods Resources";
			outputPaths = (
			);
			runOnlyForDeploymentPostprocessing = 0;
			shellPath = /bin/sh;
			shellScript = "\"${SRCROOT}/Pods/Pods-resources.sh\"\n";
			showEnvVarsInLog = 0;
		};
		3BDE171A2A9E4B698A6810D5 /* Check Pods Manifest.lock */ = {
			isa = PBXShellScriptBuildPhase;
			buildActionMask = 2147483647;
			files = (
			);
			inputPaths = (
			);
			name = "Check Pods Manifest.lock";
			outputPaths = (
			);
			runOnlyForDeploymentPostprocessing = 0;
			shellPath = /bin/sh;
			shellScript = "diff \"${PODS_ROOT}/../Podfile.lock\" \"${PODS_ROOT}/Manifest.lock\" > /dev/null\nif [[ $? != 0 ]] ; then\n    cat << EOM\nerror: The sandbox is not in sync with the Podfile.lock. Run 'pod install' or update your CocoaPods installation.\nEOM\n    exit 1\nfi\n";
			showEnvVarsInLog = 0;
		};
/* End PBXShellScriptBuildPhase section */

/* Begin PBXSourcesBuildPhase section */
		E6AC2B64194380610082EA7F /* Sources */ = {
			isa = PBXSourcesBuildPhase;
			buildActionMask = 2147483647;
			files = (
				E69ACB1B194395ED009290F2 /* PaymentMethod.m in Sources */,
				E6F0D8081943D5AB00845E23 /* RetailerAnnotationView.m in Sources */,
				E6F0D83F1944AADE00845E23 /* WebViewController.m in Sources */,
				E6F0D82B19447F7700845E23 /* LevelUpPaymentViewController.m in Sources */,
				E6AC2B7C194380610082EA7F /* AppDelegate.m in Sources */,
				E6F0D7FC1943B8A000845E23 /* Retailer.m in Sources */,
				E69ACB2419439DB8009290F2 /* PaymentMethodStore.m in Sources */,
				E69ACB2119439D0D009290F2 /* PayMapFilterViewController.m in Sources */,
				E6F0D7FF1943BD8600845E23 /* FilterTableViewCell.m in Sources */,
				E6F0D80F1943E58600845E23 /* PayColor.m in Sources */,
				E69ACB1019438500009290F2 /* PayMapViewController.m in Sources */,
				E6F0D8021943CD0C00845E23 /* PayMapAnnotation.m in Sources */,
				E69ACB271943A133009290F2 /* PaymentMethodFilter.m in Sources */,
				E6F0D8121943E5C100845E23 /* UIColor+Hex.m in Sources */,
				E6F0D8221943F50C00845E23 /* RetailerDetailPopupViewController.m in Sources */,
				E69ACB1E194399FC009290F2 /* PayImages.m in Sources */,
				E6F0D81F1943F00300845E23 /* PayAppearance.m in Sources */,
				E6F0D83A1944857500845E23 /* TipCollectionViewCell.m in Sources */,
				E6AC2B78194380610082EA7F /* main.m in Sources */,
			);
			runOnlyForDeploymentPostprocessing = 0;
		};
		E6AC2B7F194380610082EA7F /* Sources */ = {
			isa = PBXSourcesBuildPhase;
			buildActionMask = 2147483647;
			files = (
				E6AC2B91194380610082EA7F /* PayMobileClientTests.m in Sources */,
			);
			runOnlyForDeploymentPostprocessing = 0;
		};
/* End PBXSourcesBuildPhase section */

/* Begin PBXTargetDependency section */
		E6AC2B89194380610082EA7F /* PBXTargetDependency */ = {
			isa = PBXTargetDependency;
			target = E6AC2B67194380610082EA7F /* PayMobileClient */;
			targetProxy = E6AC2B88194380610082EA7F /* PBXContainerItemProxy */;
		};
/* End PBXTargetDependency section */

/* Begin PBXVariantGroup section */
		E6AC2B74194380610082EA7F /* InfoPlist.strings */ = {
			isa = PBXVariantGroup;
			children = (
				E6AC2B75194380610082EA7F /* en */,
			);
			name = InfoPlist.strings;
			sourceTree = "<group>";
		};
		E6AC2B8D194380610082EA7F /* InfoPlist.strings */ = {
			isa = PBXVariantGroup;
			children = (
				E6AC2B8E194380610082EA7F /* en */,
			);
			name = InfoPlist.strings;
			sourceTree = "<group>";
		};
/* End PBXVariantGroup section */

/* Begin XCBuildConfiguration section */
		E6AC2B92194380610082EA7F /* Debug */ = {
			isa = XCBuildConfiguration;
			buildSettings = {
				ALWAYS_SEARCH_USER_PATHS = NO;
				CLANG_CXX_LANGUAGE_STANDARD = "gnu++0x";
				CLANG_CXX_LIBRARY = "libc++";
				CLANG_ENABLE_MODULES = YES;
				CLANG_ENABLE_OBJC_ARC = YES;
				CLANG_WARN_BOOL_CONVERSION = YES;
				CLANG_WARN_CONSTANT_CONVERSION = YES;
				CLANG_WARN_DIRECT_OBJC_ISA_USAGE = YES_ERROR;
				CLANG_WARN_EMPTY_BODY = YES;
				CLANG_WARN_ENUM_CONVERSION = YES;
				CLANG_WARN_INT_CONVERSION = YES;
				CLANG_WARN_OBJC_ROOT_CLASS = YES_ERROR;
				CLANG_WARN__DUPLICATE_METHOD_MATCH = YES;
				"CODE_SIGN_IDENTITY[sdk=iphoneos*]" = "iPhone Developer";
				COPY_PHASE_STRIP = NO;
				GCC_C_LANGUAGE_STANDARD = gnu99;
				GCC_DYNAMIC_NO_PIC = NO;
				GCC_OPTIMIZATION_LEVEL = 0;
				GCC_PREPROCESSOR_DEFINITIONS = (
					"DEBUG=1",
					"$(inherited)",
				);
				GCC_SYMBOLS_PRIVATE_EXTERN = NO;
				GCC_WARN_64_TO_32_BIT_CONVERSION = YES;
				GCC_WARN_ABOUT_RETURN_TYPE = YES_ERROR;
				GCC_WARN_UNDECLARED_SELECTOR = YES;
				GCC_WARN_UNINITIALIZED_AUTOS = YES_AGGRESSIVE;
				GCC_WARN_UNUSED_FUNCTION = YES;
				GCC_WARN_UNUSED_VARIABLE = YES;
				IPHONEOS_DEPLOYMENT_TARGET = 7.1;
				ONLY_ACTIVE_ARCH = YES;
				SDKROOT = iphoneos;
			};
			name = Debug;
		};
		E6AC2B93194380610082EA7F /* Release */ = {
			isa = XCBuildConfiguration;
			buildSettings = {
				ALWAYS_SEARCH_USER_PATHS = NO;
				CLANG_CXX_LANGUAGE_STANDARD = "gnu++0x";
				CLANG_CXX_LIBRARY = "libc++";
				CLANG_ENABLE_MODULES = YES;
				CLANG_ENABLE_OBJC_ARC = YES;
				CLANG_WARN_BOOL_CONVERSION = YES;
				CLANG_WARN_CONSTANT_CONVERSION = YES;
				CLANG_WARN_DIRECT_OBJC_ISA_USAGE = YES_ERROR;
				CLANG_WARN_EMPTY_BODY = YES;
				CLANG_WARN_ENUM_CONVERSION = YES;
				CLANG_WARN_INT_CONVERSION = YES;
				CLANG_WARN_OBJC_ROOT_CLASS = YES_ERROR;
				CLANG_WARN__DUPLICATE_METHOD_MATCH = YES;
				"CODE_SIGN_IDENTITY[sdk=iphoneos*]" = "iPhone Developer";
				COPY_PHASE_STRIP = YES;
				ENABLE_NS_ASSERTIONS = NO;
				GCC_C_LANGUAGE_STANDARD = gnu99;
				GCC_WARN_64_TO_32_BIT_CONVERSION = YES;
				GCC_WARN_ABOUT_RETURN_TYPE = YES_ERROR;
				GCC_WARN_UNDECLARED_SELECTOR = YES;
				GCC_WARN_UNINITIALIZED_AUTOS = YES_AGGRESSIVE;
				GCC_WARN_UNUSED_FUNCTION = YES;
				GCC_WARN_UNUSED_VARIABLE = YES;
				IPHONEOS_DEPLOYMENT_TARGET = 7.1;
				SDKROOT = iphoneos;
				VALIDATE_PRODUCT = YES;
			};
			name = Release;
		};
		E6AC2B95194380610082EA7F /* Debug */ = {
			isa = XCBuildConfiguration;
			baseConfigurationReference = C393318B8F5F4054BAFF95DF /* Pods.xcconfig */;
			buildSettings = {
				ASSETCATALOG_COMPILER_APPICON_NAME = AppIcon;
				ASSETCATALOG_COMPILER_LAUNCHIMAGE_NAME = LaunchImage;
				FRAMEWORK_SEARCH_PATHS = "$(inherited)";
				GCC_PRECOMPILE_PREFIX_HEADER = YES;
				GCC_PREFIX_HEADER = "PayMobileClient/PayMobileClient-Prefix.pch";
				HEADER_SEARCH_PATHS = (
					"\"${PODS_ROOT}/Headers\"",
					"\"${PODS_ROOT}/Headers/AFNetworking\"",
					"\"${PODS_ROOT}/Headers/SVProgressHUD\"",
				);
				INFOPLIST_FILE = "PayMobileClient/PayMobileClient-Info.plist";
				IPHONEOS_DEPLOYMENT_TARGET = 7.0;
				PRODUCT_NAME = "$(TARGET_NAME)";
				WRAPPER_EXTENSION = app;
			};
			name = Debug;
		};
		E6AC2B96194380610082EA7F /* Release */ = {
			isa = XCBuildConfiguration;
			baseConfigurationReference = C393318B8F5F4054BAFF95DF /* Pods.xcconfig */;
			buildSettings = {
				ASSETCATALOG_COMPILER_APPICON_NAME = AppIcon;
				ASSETCATALOG_COMPILER_LAUNCHIMAGE_NAME = LaunchImage;
				FRAMEWORK_SEARCH_PATHS = "$(inherited)";
				GCC_PRECOMPILE_PREFIX_HEADER = YES;
				GCC_PREFIX_HEADER = "PayMobileClient/PayMobileClient-Prefix.pch";
				HEADER_SEARCH_PATHS = (
					"\"${PODS_ROOT}/Headers\"",
					"\"${PODS_ROOT}/Headers/AFNetworking\"",
					"\"${PODS_ROOT}/Headers/SVProgressHUD\"",
				);
				INFOPLIST_FILE = "PayMobileClient/PayMobileClient-Info.plist";
				IPHONEOS_DEPLOYMENT_TARGET = 7.0;
				PRODUCT_NAME = "$(TARGET_NAME)";
				WRAPPER_EXTENSION = app;
			};
			name = Release;
		};
		E6AC2B98194380610082EA7F /* Debug */ = {
			isa = XCBuildConfiguration;
			buildSettings = {
				BUNDLE_LOADER = "$(BUILT_PRODUCTS_DIR)/PayMobileClient.app/PayMobileClient";
				FRAMEWORK_SEARCH_PATHS = (
					"$(SDKROOT)/Developer/Library/Frameworks",
					"$(inherited)",
					"$(DEVELOPER_FRAMEWORKS_DIR)",
				);
				GCC_PRECOMPILE_PREFIX_HEADER = YES;
				GCC_PREFIX_HEADER = "PayMobileClient/PayMobileClient-Prefix.pch";
				GCC_PREPROCESSOR_DEFINITIONS = (
					"DEBUG=1",
					"$(inherited)",
				);
				INFOPLIST_FILE = "PayMobileClientTests/PayMobileClientTests-Info.plist";
				PRODUCT_NAME = "$(TARGET_NAME)";
				TEST_HOST = "$(BUNDLE_LOADER)";
				WRAPPER_EXTENSION = xctest;
			};
			name = Debug;
		};
		E6AC2B99194380610082EA7F /* Release */ = {
			isa = XCBuildConfiguration;
			buildSettings = {
				BUNDLE_LOADER = "$(BUILT_PRODUCTS_DIR)/PayMobileClient.app/PayMobileClient";
				FRAMEWORK_SEARCH_PATHS = (
					"$(SDKROOT)/Developer/Library/Frameworks",
					"$(inherited)",
					"$(DEVELOPER_FRAMEWORKS_DIR)",
				);
				GCC_PRECOMPILE_PREFIX_HEADER = YES;
				GCC_PREFIX_HEADER = "PayMobileClient/PayMobileClient-Prefix.pch";
				INFOPLIST_FILE = "PayMobileClientTests/PayMobileClientTests-Info.plist";
				PRODUCT_NAME = "$(TARGET_NAME)";
				TEST_HOST = "$(BUNDLE_LOADER)";
				WRAPPER_EXTENSION = xctest;
			};
			name = Release;
		};
/* End XCBuildConfiguration section */

/* Begin XCConfigurationList section */
		E6AC2B63194380610082EA7F /* Build configuration list for PBXProject "PayMobileClient" */ = {
			isa = XCConfigurationList;
			buildConfigurations = (
				E6AC2B92194380610082EA7F /* Debug */,
				E6AC2B93194380610082EA7F /* Release */,
			);
			defaultConfigurationIsVisible = 0;
			defaultConfigurationName = Release;
		};
		E6AC2B94194380610082EA7F /* Build configuration list for PBXNativeTarget "PayMobileClient" */ = {
			isa = XCConfigurationList;
			buildConfigurations = (
				E6AC2B95194380610082EA7F /* Debug */,
				E6AC2B96194380610082EA7F /* Release */,
			);
			defaultConfigurationIsVisible = 0;
			defaultConfigurationName = Release;
		};
		E6AC2B97194380610082EA7F /* Build configuration list for PBXNativeTarget "PayMobileClientTests" */ = {
			isa = XCConfigurationList;
			buildConfigurations = (
				E6AC2B98194380610082EA7F /* Debug */,
				E6AC2B99194380610082EA7F /* Release */,
			);
			defaultConfigurationIsVisible = 0;
			defaultConfigurationName = Release;
		};
/* End XCConfigurationList section */
	};
	rootObject = E6AC2B60194380610082EA7F /* Project object */;
}
